
Microsoft Visual Studio Solution File, Format Version 12.00
# Visual Studio Version 17
VisualStudioVersion = 17.8.34525.116
MinimumVisualStudioVersion = 10.0.40219.1
Project("{FAE04EC0-301F-11D3-BF4B-00C04F79EFBC}") = "CatFact Form App", "CatFact Form App\CatFact Form App.csproj", "{D7BDD0AD-950F-40CC-BC13-6B282C8B11F8}"
EndProject
Project("{9A19103F-16F7-4668-BE54-9A1E7A4F7556}") = "CatFact-API", "..\..\CatFact Api Test\ConsoleApp1\ConsoleApp1\CatFact-API.csproj", "{62806B36-8A6A-4051-8802-DA272EE2B295}"
EndProject
Global
	GlobalSection(SolutionConfigurationPlatforms) = preSolution
		Debug|Any CPU = Debug|Any CPU
		Release|Any CPU = Release|Any CPU
	EndGlobalSection
	GlobalSection(ProjectConfigurationPlatforms) = postSolution
		{D7BDD0AD-950F-40CC-BC13-6B282C8B11F8}.Debug|Any CPU.ActiveCfg = Debug|Any CPU
		{D7BDD0AD-950F-40CC-BC13-6B282C8B11F8}.Debug|Any CPU.Build.0 = Debug|Any CPU
		{D7BDD0AD-950F-40CC-BC13-6B282C8B11F8}.Release|Any CPU.ActiveCfg = Release|Any CPU
		{D7BDD0AD-950F-40CC-BC13-6B282C8B11F8}.Release|Any CPU.Build.0 = Release|Any CPU
		{62806B36-8A6A-4051-8802-DA272EE2B295}.Debug|Any CPU.ActiveCfg = Debug|Any CPU
		{62806B36-8A6A-4051-8802-DA272EE2B295}.Debug|Any CPU.Build.0 = Debug|Any CPU
		{62806B36-8A6A-4051-8802-DA272EE2B295}.Release|Any CPU.ActiveCfg = Release|Any CPU
		{62806B36-8A6A-4051-8802-DA272EE2B295}.Release|Any CPU.Build.0 = Release|Any CPU
	EndGlobalSection
	GlobalSection(SolutionProperties) = preSolution
		HideSolutionNode = FALSE
	EndGlobalSection
	GlobalSection(ExtensibilityGlobals) = postSolution
		SolutionGuid = {E6CE520B-767A-47A8-807C-E5120735F174}
	EndGlobalSection
EndGlobal
